
Microsoft Visual Studio Solution File, Format Version 12.00
# Visual Studio 2013
VisualStudioVersion = 12.0.31101.0
MinimumVisualStudioVersion = 10.0.40219.1
Project("{FAE04EC0-301F-11D3-BF4B-00C04F79EFBC}") = "Problem-01-Fill-the-matrix", "Problem-01-Fill-the-matrix\Problem-01-Fill-the-matrix.csproj", "{B04F46F2-B01B-470F-9775-122D6DA57BA6}"
EndProject
Project("{FAE04EC0-301F-11D3-BF4B-00C04F79EFBC}") = "Problem-02-Maximal-sum", "Problem-02-Maximal-sum\Problem-02-Maximal-sum.csproj", "{732EEA20-75A2-4FB4-B81D-910B7F4B6C62}"
EndProject
Project("{FAE04EC0-301F-11D3-BF4B-00C04F79EFBC}") = "Problem-05-Sort-by-string-length", "Problem-05-Sort-by-string-length\Problem-05-Sort-by-string-length.csproj", "{CFED896A-87AC-4DD4-BB02-FA545F75E1E4}"
EndProject
Project("{FAE04EC0-301F-11D3-BF4B-00C04F79EFBC}") = "Problem-04-Binary-search", "Problem-04-Binary-search\Problem-04-Binary-search.csproj", "{10FFE4A8-80F3-4255-92E9-FB12885FAC80}"
EndProject
Project("{FAE04EC0-301F-11D3-BF4B-00C04F79EFBC}") = "Problem-03-Sequence -in-matrix", "Problem-03-Sequence -in-matrix\Problem-03-Sequence -in-matrix.csproj", "{C0F60B01-C023-4C36-B57E-314014BA36FF}"
EndProject
Global
	GlobalSection(SolutionConfigurationPlatforms) = preSolution
		Debug|Any CPU = Debug|Any CPU
		Release|Any CPU = Release|Any CPU
	EndGlobalSection
	GlobalSection(ProjectConfigurationPlatforms) = postSolution
		{B04F46F2-B01B-470F-9775-122D6DA57BA6}.Debug|Any CPU.ActiveCfg = Debug|Any CPU
		{B04F46F2-B01B-470F-9775-122D6DA57BA6}.Debug|Any CPU.Build.0 = Debug|Any CPU
		{B04F46F2-B01B-470F-9775-122D6DA57BA6}.Release|Any CPU.ActiveCfg = Release|Any CPU
		{B04F46F2-B01B-470F-9775-122D6DA57BA6}.Release|Any CPU.Build.0 = Release|Any CPU
		{732EEA20-75A2-4FB4-B81D-910B7F4B6C62}.Debug|Any CPU.ActiveCfg = Debug|Any CPU
		{732EEA20-75A2-4FB4-B81D-910B7F4B6C62}.Debug|Any CPU.Build.0 = Debug|Any CPU
		{732EEA20-75A2-4FB4-B81D-910B7F4B6C62}.Release|Any CPU.ActiveCfg = Release|Any CPU
		{732EEA20-75A2-4FB4-B81D-910B7F4B6C62}.Release|Any CPU.Build.0 = Release|Any CPU
		{CFED896A-87AC-4DD4-BB02-FA545F75E1E4}.Debug|Any CPU.ActiveCfg = Debug|Any CPU
		{CFED896A-87AC-4DD4-BB02-FA545F75E1E4}.Debug|Any CPU.Build.0 = Debug|Any CPU
		{CFED896A-87AC-4DD4-BB02-FA545F75E1E4}.Release|Any CPU.ActiveCfg = Release|Any CPU
		{CFED896A-87AC-4DD4-BB02-FA545F75E1E4}.Release|Any CPU.Build.0 = Release|Any CPU
		{10FFE4A8-80F3-4255-92E9-FB12885FAC80}.Debug|Any CPU.ActiveCfg = Debug|Any CPU
		{10FFE4A8-80F3-4255-92E9-FB12885FAC80}.Debug|Any CPU.Build.0 = Debug|Any CPU
		{10FFE4A8-80F3-4255-92E9-FB12885FAC80}.Release|Any CPU.ActiveCfg = Release|Any CPU
		{10FFE4A8-80F3-4255-92E9-FB12885FAC80}.Release|Any CPU.Build.0 = Release|Any CPU
		{C0F60B01-C023-4C36-B57E-314014BA36FF}.Debug|Any CPU.ActiveCfg = Debug|Any CPU
		{C0F60B01-C023-4C36-B57E-314014BA36FF}.Debug|Any CPU.Build.0 = Debug|Any CPU
		{C0F60B01-C023-4C36-B57E-314014BA36FF}.Release|Any CPU.ActiveCfg = Release|Any CPU
		{C0F60B01-C023-4C36-B57E-314014BA36FF}.Release|Any CPU.Build.0 = Release|Any CPU
	EndGlobalSection
	GlobalSection(SolutionProperties) = preSolution
		HideSolutionNode = FALSE
	EndGlobalSection
EndGlobal
