
Microsoft Visual Studio Solution File, Format Version 12.00
# Visual Studio 2013
VisualStudioVersion = 12.0.31101.0
MinimumVisualStudioVersion = 10.0.40219.1
Project("{FAE04EC0-301F-11D3-BF4B-00C04F79EFBC}") = "Problem-01-Numbers-from-1-to-N", "Problem-01-Numbers-from-1-to-N\Problem-01-Numbers-from-1-to-N.csproj", "{B9EA10C4-742B-4403-8785-DC5386E54E66}"
EndProject
Project("{FAE04EC0-301F-11D3-BF4B-00C04F79EFBC}") = "Problem-02-Numbers-Not-Divisible-by-3-and-7", "Problem-02-Numbers-Not-Divisible-by-3-and-7\Problem-02-Numbers-Not-Divisible-by-3-and-7.csproj", "{B572F913-B720-4B1F-83E5-90D64C629A11}"
EndProject
Project("{FAE04EC0-301F-11D3-BF4B-00C04F79EFBC}") = "Problem-03-Min-Max-Sum-and-Average-of-N-Numbers", "Problem-03-Min-Max-Sum-and-Average-of-N-Numbers\Problem-03-Min-Max-Sum-and-Average-of-N-Numbers.csproj", "{3DBD11E3-D9CA-4A28-9C9A-9FB9D1A86F57}"
EndProject
Project("{FAE04EC0-301F-11D3-BF4B-00C04F79EFBC}") = "Problem-04-Print-a-Deck-of-52-Cards", "Problem-04-Print-a-Deck-of-52-Cards\Problem-04-Print-a-Deck-of-52-Cards.csproj", "{F6A64880-C25C-4149-AAFF-BC98BD365C0B}"
EndProject
Project("{FAE04EC0-301F-11D3-BF4B-00C04F79EFBC}") = "Problem-05-Calculate", "Problem-05-Calculate\Problem-05-Calculate.csproj", "{DA7DF291-7F6A-459A-9747-D93AD91F582A}"
EndProject
Project("{FAE04EC0-301F-11D3-BF4B-00C04F79EFBC}") = "Problem-06-Calculate2", "Problem-06-Calculate2\Problem-06-Calculate2.csproj", "{E6EE725C-430A-44F1-AD70-3746D4F66E8C}"
EndProject
Project("{FAE04EC0-301F-11D3-BF4B-00C04F79EFBC}") = "Problem-07-Calculate-3", "Problem-07-Calculate-3\Problem-07-Calculate-3.csproj", "{F1A29213-7DB1-428A-B2BC-8EBB2D27D7E4}"
EndProject
Project("{FAE04EC0-301F-11D3-BF4B-00C04F79EFBC}") = "Problem-08-Catalan-Numbers", "Problem-08-Catalan-Numbers\Problem-08-Catalan-Numbers.csproj", "{59557F1C-55CF-44E8-BD6E-A5127CB5912F}"
EndProject
Project("{FAE04EC0-301F-11D3-BF4B-00C04F79EFBC}") = "Problem-09-Matrix-of-Numbers", "Problem-09-Matrix-of-Numbers\Problem-09-Matrix-of-Numbers.csproj", "{5C00070C-879E-49EA-9A9C-0D48D109AEE3}"
EndProject
Project("{FAE04EC0-301F-11D3-BF4B-00C04F79EFBC}") = "Problem-10-Odd-and-Even-Product", "Problem-10-Odd-and-Even-Product\Problem-10-Odd-and-Even-Product.csproj", "{6083BB75-BDB8-40ED-B1D9-E3C97750FA87}"
EndProject
Project("{FAE04EC0-301F-11D3-BF4B-00C04F79EFBC}") = "Problem-11-Random-Numbers-in-Given-Range", "Problem-11-Random-Numbers-in-Given-Range\Problem-11-Random-Numbers-in-Given-Range.csproj", "{A6F097A3-EF20-42C2-B9B8-85E8C4AC68E5}"
EndProject
Project("{FAE04EC0-301F-11D3-BF4B-00C04F79EFBC}") = "Problem12-Randomize-the-Numbers-1-N", "Problem12-Randomize-the-Numbers-1-N\Problem12-Randomize-the-Numbers-1-N.csproj", "{B7EE46DE-5ADD-4041-98A0-3F9F7DE8F425}"
EndProject
Project("{FAE04EC0-301F-11D3-BF4B-00C04F79EFBC}") = "Problem-13-Binary-to-Decimal-Number", "Problem-13-Binary-to-Decimal-Number\Problem-13-Binary-to-Decimal-Number.csproj", "{FC73F9F9-4E6C-48C6-8CEA-6D46414BA4A6}"
EndProject
Project("{FAE04EC0-301F-11D3-BF4B-00C04F79EFBC}") = "Problem-14-Decimal-to-Binary-Number", "Problem-14-Decimal-to-Binary-Number\Problem-14-Decimal-to-Binary-Number.csproj", "{B234E334-CC1B-4795-A7A4-645C10C0FE13}"
EndProject
Project("{FAE04EC0-301F-11D3-BF4B-00C04F79EFBC}") = "Problem-15-Hexadecimal-to-Decimal-Number", "Problem-15-Hexadecimal-to-Decimal-Number\Problem-15-Hexadecimal-to-Decimal-Number.csproj", "{6D14399F-F5CD-4B62-A2C5-DD0C14550A77}"
EndProject
Project("{FAE04EC0-301F-11D3-BF4B-00C04F79EFBC}") = "Problem-16-Decimal-to-Hexadecimal-Number", "Problem-16-Decimal-to-Hexadecimal-Number\Problem-16-Decimal-to-Hexadecimal-Number.csproj", "{0CCB1ED0-FDBE-4FF0-84CD-57A2C1F755A4}"
EndProject
Project("{FAE04EC0-301F-11D3-BF4B-00C04F79EFBC}") = "Problem-17-Calculate-GCD", "Problem-17-Calculate-GCD\Problem-17-Calculate-GCD.csproj", "{1E62AA6A-D480-4971-BAD2-129FB84E7077}"
EndProject
Global
	GlobalSection(SolutionConfigurationPlatforms) = preSolution
		Debug|Any CPU = Debug|Any CPU
		Release|Any CPU = Release|Any CPU
	EndGlobalSection
	GlobalSection(ProjectConfigurationPlatforms) = postSolution
		{B9EA10C4-742B-4403-8785-DC5386E54E66}.Debug|Any CPU.ActiveCfg = Debug|Any CPU
		{B9EA10C4-742B-4403-8785-DC5386E54E66}.Debug|Any CPU.Build.0 = Debug|Any CPU
		{B9EA10C4-742B-4403-8785-DC5386E54E66}.Release|Any CPU.ActiveCfg = Release|Any CPU
		{B9EA10C4-742B-4403-8785-DC5386E54E66}.Release|Any CPU.Build.0 = Release|Any CPU
		{B572F913-B720-4B1F-83E5-90D64C629A11}.Debug|Any CPU.ActiveCfg = Debug|Any CPU
		{B572F913-B720-4B1F-83E5-90D64C629A11}.Debug|Any CPU.Build.0 = Debug|Any CPU
		{B572F913-B720-4B1F-83E5-90D64C629A11}.Release|Any CPU.ActiveCfg = Release|Any CPU
		{B572F913-B720-4B1F-83E5-90D64C629A11}.Release|Any CPU.Build.0 = Release|Any CPU
		{3DBD11E3-D9CA-4A28-9C9A-9FB9D1A86F57}.Debug|Any CPU.ActiveCfg = Debug|Any CPU
		{3DBD11E3-D9CA-4A28-9C9A-9FB9D1A86F57}.Debug|Any CPU.Build.0 = Debug|Any CPU
		{3DBD11E3-D9CA-4A28-9C9A-9FB9D1A86F57}.Release|Any CPU.ActiveCfg = Release|Any CPU
		{3DBD11E3-D9CA-4A28-9C9A-9FB9D1A86F57}.Release|Any CPU.Build.0 = Release|Any CPU
		{F6A64880-C25C-4149-AAFF-BC98BD365C0B}.Debug|Any CPU.ActiveCfg = Debug|Any CPU
		{F6A64880-C25C-4149-AAFF-BC98BD365C0B}.Debug|Any CPU.Build.0 = Debug|Any CPU
		{F6A64880-C25C-4149-AAFF-BC98BD365C0B}.Release|Any CPU.ActiveCfg = Release|Any CPU
		{F6A64880-C25C-4149-AAFF-BC98BD365C0B}.Release|Any CPU.Build.0 = Release|Any CPU
		{DA7DF291-7F6A-459A-9747-D93AD91F582A}.Debug|Any CPU.ActiveCfg = Debug|Any CPU
		{DA7DF291-7F6A-459A-9747-D93AD91F582A}.Debug|Any CPU.Build.0 = Debug|Any CPU
		{DA7DF291-7F6A-459A-9747-D93AD91F582A}.Release|Any CPU.ActiveCfg = Release|Any CPU
		{DA7DF291-7F6A-459A-9747-D93AD91F582A}.Release|Any CPU.Build.0 = Release|Any CPU
		{E6EE725C-430A-44F1-AD70-3746D4F66E8C}.Debug|Any CPU.ActiveCfg = Debug|Any CPU
		{E6EE725C-430A-44F1-AD70-3746D4F66E8C}.Debug|Any CPU.Build.0 = Debug|Any CPU
		{E6EE725C-430A-44F1-AD70-3746D4F66E8C}.Release|Any CPU.ActiveCfg = Release|Any CPU
		{E6EE725C-430A-44F1-AD70-3746D4F66E8C}.Release|Any CPU.Build.0 = Release|Any CPU
		{F1A29213-7DB1-428A-B2BC-8EBB2D27D7E4}.Debug|Any CPU.ActiveCfg = Debug|Any CPU
		{F1A29213-7DB1-428A-B2BC-8EBB2D27D7E4}.Debug|Any CPU.Build.0 = Debug|Any CPU
		{F1A29213-7DB1-428A-B2BC-8EBB2D27D7E4}.Release|Any CPU.ActiveCfg = Release|Any CPU
		{F1A29213-7DB1-428A-B2BC-8EBB2D27D7E4}.Release|Any CPU.Build.0 = Release|Any CPU
		{59557F1C-55CF-44E8-BD6E-A5127CB5912F}.Debug|Any CPU.ActiveCfg = Debug|Any CPU
		{59557F1C-55CF-44E8-BD6E-A5127CB5912F}.Debug|Any CPU.Build.0 = Debug|Any CPU
		{59557F1C-55CF-44E8-BD6E-A5127CB5912F}.Release|Any CPU.ActiveCfg = Release|Any CPU
		{59557F1C-55CF-44E8-BD6E-A5127CB5912F}.Release|Any CPU.Build.0 = Release|Any CPU
		{5C00070C-879E-49EA-9A9C-0D48D109AEE3}.Debug|Any CPU.ActiveCfg = Debug|Any CPU
		{5C00070C-879E-49EA-9A9C-0D48D109AEE3}.Debug|Any CPU.Build.0 = Debug|Any CPU
		{5C00070C-879E-49EA-9A9C-0D48D109AEE3}.Release|Any CPU.ActiveCfg = Release|Any CPU
		{5C00070C-879E-49EA-9A9C-0D48D109AEE3}.Release|Any CPU.Build.0 = Release|Any CPU
		{6083BB75-BDB8-40ED-B1D9-E3C97750FA87}.Debug|Any CPU.ActiveCfg = Debug|Any CPU
		{6083BB75-BDB8-40ED-B1D9-E3C97750FA87}.Debug|Any CPU.Build.0 = Debug|Any CPU
		{6083BB75-BDB8-40ED-B1D9-E3C97750FA87}.Release|Any CPU.ActiveCfg = Release|Any CPU
		{6083BB75-BDB8-40ED-B1D9-E3C97750FA87}.Release|Any CPU.Build.0 = Release|Any CPU
		{A6F097A3-EF20-42C2-B9B8-85E8C4AC68E5}.Debug|Any CPU.ActiveCfg = Debug|Any CPU
		{A6F097A3-EF20-42C2-B9B8-85E8C4AC68E5}.Debug|Any CPU.Build.0 = Debug|Any CPU
		{A6F097A3-EF20-42C2-B9B8-85E8C4AC68E5}.Release|Any CPU.ActiveCfg = Release|Any CPU
		{A6F097A3-EF20-42C2-B9B8-85E8C4AC68E5}.Release|Any CPU.Build.0 = Release|Any CPU
		{B7EE46DE-5ADD-4041-98A0-3F9F7DE8F425}.Debug|Any CPU.ActiveCfg = Debug|Any CPU
		{B7EE46DE-5ADD-4041-98A0-3F9F7DE8F425}.Debug|Any CPU.Build.0 = Debug|Any CPU
		{B7EE46DE-5ADD-4041-98A0-3F9F7DE8F425}.Release|Any CPU.ActiveCfg = Release|Any CPU
		{B7EE46DE-5ADD-4041-98A0-3F9F7DE8F425}.Release|Any CPU.Build.0 = Release|Any CPU
		{FC73F9F9-4E6C-48C6-8CEA-6D46414BA4A6}.Debug|Any CPU.ActiveCfg = Debug|Any CPU
		{FC73F9F9-4E6C-48C6-8CEA-6D46414BA4A6}.Debug|Any CPU.Build.0 = Debug|Any CPU
		{FC73F9F9-4E6C-48C6-8CEA-6D46414BA4A6}.Release|Any CPU.ActiveCfg = Release|Any CPU
		{FC73F9F9-4E6C-48C6-8CEA-6D46414BA4A6}.Release|Any CPU.Build.0 = Release|Any CPU
		{B234E334-CC1B-4795-A7A4-645C10C0FE13}.Debug|Any CPU.ActiveCfg = Debug|Any CPU
		{B234E334-CC1B-4795-A7A4-645C10C0FE13}.Debug|Any CPU.Build.0 = Debug|Any CPU
		{B234E334-CC1B-4795-A7A4-645C10C0FE13}.Release|Any CPU.ActiveCfg = Release|Any CPU
		{B234E334-CC1B-4795-A7A4-645C10C0FE13}.Release|Any CPU.Build.0 = Release|Any CPU
		{6D14399F-F5CD-4B62-A2C5-DD0C14550A77}.Debug|Any CPU.ActiveCfg = Debug|Any CPU
		{6D14399F-F5CD-4B62-A2C5-DD0C14550A77}.Debug|Any CPU.Build.0 = Debug|Any CPU
		{6D14399F-F5CD-4B62-A2C5-DD0C14550A77}.Release|Any CPU.ActiveCfg = Release|Any CPU
		{6D14399F-F5CD-4B62-A2C5-DD0C14550A77}.Release|Any CPU.Build.0 = Release|Any CPU
		{0CCB1ED0-FDBE-4FF0-84CD-57A2C1F755A4}.Debug|Any CPU.ActiveCfg = Debug|Any CPU
		{0CCB1ED0-FDBE-4FF0-84CD-57A2C1F755A4}.Debug|Any CPU.Build.0 = Debug|Any CPU
		{0CCB1ED0-FDBE-4FF0-84CD-57A2C1F755A4}.Release|Any CPU.ActiveCfg = Release|Any CPU
		{0CCB1ED0-FDBE-4FF0-84CD-57A2C1F755A4}.Release|Any CPU.Build.0 = Release|Any CPU
		{1E62AA6A-D480-4971-BAD2-129FB84E7077}.Debug|Any CPU.ActiveCfg = Debug|Any CPU
		{1E62AA6A-D480-4971-BAD2-129FB84E7077}.Debug|Any CPU.Build.0 = Debug|Any CPU
		{1E62AA6A-D480-4971-BAD2-129FB84E7077}.Release|Any CPU.ActiveCfg = Release|Any CPU
		{1E62AA6A-D480-4971-BAD2-129FB84E7077}.Release|Any CPU.Build.0 = Release|Any CPU
	EndGlobalSection
	GlobalSection(SolutionProperties) = preSolution
		HideSolutionNode = FALSE
	EndGlobalSection
EndGlobal
