
Microsoft Visual Studio Solution File, Format Version 12.00
# Visual Studio 2013
VisualStudioVersion = 12.0.31101.0
MinimumVisualStudioVersion = 10.0.40219.1
Project("{FAE04EC0-301F-11D3-BF4B-00C04F79EFBC}") = "Problem-01-Decimal-to-binary", "Problem-01-Decimal-to-binary\Problem-01-Decimal-to-binary.csproj", "{EDB3BC49-BD80-4FA0-8252-9BEAB79C6AE4}"
EndProject
Project("{FAE04EC0-301F-11D3-BF4B-00C04F79EFBC}") = "Problem-02-Binary-to-decimal", "Problem-2-Binary-to-decimal\Problem-02-Binary-to-decimal.csproj", "{BA1AFF56-DADE-4D9B-A873-F21763366A69}"
EndProject
Project("{FAE04EC0-301F-11D3-BF4B-00C04F79EFBC}") = "Problem-03-Decimal-to-hexadecimal", "Problem-03-Decimal-to-hexadecimal\Problem-03-Decimal-to-hexadecimal.csproj", "{88D7E252-5284-4945-9B03-1CEA0A69ED3B}"
EndProject
Project("{FAE04EC0-301F-11D3-BF4B-00C04F79EFBC}") = "Problem-04-Hexadecimal-to-decimal", "Problem-04-Hexadecimal-to-decimal\Problem-04-Hexadecimal-to-decimal.csproj", "{05CAB4AC-88C9-48A8-8ACB-54527E6D5379}"
EndProject
Project("{FAE04EC0-301F-11D3-BF4B-00C04F79EFBC}") = "Problem-05-Hexadecimal-to-binary", "Problem-05-Hexadecimal-to-binary\Problem-05-Hexadecimal-to-binary.csproj", "{51D601F6-0B8B-4059-9C32-A3BA45B6F4E1}"
EndProject
Project("{FAE04EC0-301F-11D3-BF4B-00C04F79EFBC}") = "Problem-06-binary-to-hexadecimal", "Problem-06-binary-to-hexadecimal\Problem-06-binary-to-hexadecimal.csproj", "{9F2371B3-D6A7-43B1-B524-052DAD3DE9B6}"
EndProject
Project("{FAE04EC0-301F-11D3-BF4B-00C04F79EFBC}") = "Problem-08-Binary-short", "Problem-08-Binary-short\Problem-08-Binary-short.csproj", "{38CDA1F2-F41B-4725-AD4F-5CF38657A0F2}"
EndProject
Project("{FAE04EC0-301F-11D3-BF4B-00C04F79EFBC}") = "Problem-07-One-system-to-any-other", "Problem-07-One-system-to-any-other\Problem-07-One-system-to-any-other.csproj", "{DA2671B7-010C-492A-8E85-A3EDC6C94E83}"
EndProject
Global
	GlobalSection(SolutionConfigurationPlatforms) = preSolution
		Debug|Any CPU = Debug|Any CPU
		Release|Any CPU = Release|Any CPU
	EndGlobalSection
	GlobalSection(ProjectConfigurationPlatforms) = postSolution
		{EDB3BC49-BD80-4FA0-8252-9BEAB79C6AE4}.Debug|Any CPU.ActiveCfg = Debug|Any CPU
		{EDB3BC49-BD80-4FA0-8252-9BEAB79C6AE4}.Debug|Any CPU.Build.0 = Debug|Any CPU
		{EDB3BC49-BD80-4FA0-8252-9BEAB79C6AE4}.Release|Any CPU.ActiveCfg = Release|Any CPU
		{EDB3BC49-BD80-4FA0-8252-9BEAB79C6AE4}.Release|Any CPU.Build.0 = Release|Any CPU
		{BA1AFF56-DADE-4D9B-A873-F21763366A69}.Debug|Any CPU.ActiveCfg = Debug|Any CPU
		{BA1AFF56-DADE-4D9B-A873-F21763366A69}.Debug|Any CPU.Build.0 = Debug|Any CPU
		{BA1AFF56-DADE-4D9B-A873-F21763366A69}.Release|Any CPU.ActiveCfg = Release|Any CPU
		{BA1AFF56-DADE-4D9B-A873-F21763366A69}.Release|Any CPU.Build.0 = Release|Any CPU
		{88D7E252-5284-4945-9B03-1CEA0A69ED3B}.Debug|Any CPU.ActiveCfg = Debug|Any CPU
		{88D7E252-5284-4945-9B03-1CEA0A69ED3B}.Debug|Any CPU.Build.0 = Debug|Any CPU
		{88D7E252-5284-4945-9B03-1CEA0A69ED3B}.Release|Any CPU.ActiveCfg = Release|Any CPU
		{88D7E252-5284-4945-9B03-1CEA0A69ED3B}.Release|Any CPU.Build.0 = Release|Any CPU
		{05CAB4AC-88C9-48A8-8ACB-54527E6D5379}.Debug|Any CPU.ActiveCfg = Debug|Any CPU
		{05CAB4AC-88C9-48A8-8ACB-54527E6D5379}.Debug|Any CPU.Build.0 = Debug|Any CPU
		{05CAB4AC-88C9-48A8-8ACB-54527E6D5379}.Release|Any CPU.ActiveCfg = Release|Any CPU
		{05CAB4AC-88C9-48A8-8ACB-54527E6D5379}.Release|Any CPU.Build.0 = Release|Any CPU
		{51D601F6-0B8B-4059-9C32-A3BA45B6F4E1}.Debug|Any CPU.ActiveCfg = Debug|Any CPU
		{51D601F6-0B8B-4059-9C32-A3BA45B6F4E1}.Debug|Any CPU.Build.0 = Debug|Any CPU
		{51D601F6-0B8B-4059-9C32-A3BA45B6F4E1}.Release|Any CPU.ActiveCfg = Release|Any CPU
		{51D601F6-0B8B-4059-9C32-A3BA45B6F4E1}.Release|Any CPU.Build.0 = Release|Any CPU
		{9F2371B3-D6A7-43B1-B524-052DAD3DE9B6}.Debug|Any CPU.ActiveCfg = Debug|Any CPU
		{9F2371B3-D6A7-43B1-B524-052DAD3DE9B6}.Debug|Any CPU.Build.0 = Debug|Any CPU
		{9F2371B3-D6A7-43B1-B524-052DAD3DE9B6}.Release|Any CPU.ActiveCfg = Release|Any CPU
		{9F2371B3-D6A7-43B1-B524-052DAD3DE9B6}.Release|Any CPU.Build.0 = Release|Any CPU
		{38CDA1F2-F41B-4725-AD4F-5CF38657A0F2}.Debug|Any CPU.ActiveCfg = Debug|Any CPU
		{38CDA1F2-F41B-4725-AD4F-5CF38657A0F2}.Debug|Any CPU.Build.0 = Debug|Any CPU
		{38CDA1F2-F41B-4725-AD4F-5CF38657A0F2}.Release|Any CPU.ActiveCfg = Release|Any CPU
		{38CDA1F2-F41B-4725-AD4F-5CF38657A0F2}.Release|Any CPU.Build.0 = Release|Any CPU
		{DA2671B7-010C-492A-8E85-A3EDC6C94E83}.Debug|Any CPU.ActiveCfg = Debug|Any CPU
		{DA2671B7-010C-492A-8E85-A3EDC6C94E83}.Debug|Any CPU.Build.0 = Debug|Any CPU
		{DA2671B7-010C-492A-8E85-A3EDC6C94E83}.Release|Any CPU.ActiveCfg = Release|Any CPU
		{DA2671B7-010C-492A-8E85-A3EDC6C94E83}.Release|Any CPU.Build.0 = Release|Any CPU
	EndGlobalSection
	GlobalSection(SolutionProperties) = preSolution
		HideSolutionNode = FALSE
	EndGlobalSection
EndGlobal
