
Microsoft Visual Studio Solution File, Format Version 12.00
# Visual Studio 2013
VisualStudioVersion = 12.0.31101.0
MinimumVisualStudioVersion = 10.0.40219.1
Project("{FAE04EC0-301F-11D3-BF4B-00C04F79EFBC}") = "Problem-01-Say-Hello", "Problem-01-Say-Hello\Problem-01-Say-Hello.csproj", "{8E26FAA3-3D05-4315-BDD0-8BADDE4CF151}"
EndProject
Project("{FAE04EC0-301F-11D3-BF4B-00C04F79EFBC}") = "Problem-02-Get-largest-number", "Problem-02-Get-largest-number\Problem-02-Get-largest-number.csproj", "{9D8EACB4-6E88-42BB-818B-E9714A90A711}"
EndProject
Project("{FAE04EC0-301F-11D3-BF4B-00C04F79EFBC}") = "Problem-03-English-digit", "Problem-03-English-digit\Problem-03-English-digit.csproj", "{97EBDA63-3473-4209-B3E7-D62F691DC3F7}"
EndProject
Project("{FAE04EC0-301F-11D3-BF4B-00C04F79EFBC}") = "Problem-04-Appearance-count", "Problem-04-Appearance-count\Problem-04-Appearance-count.csproj", "{B3963230-0F84-4D83-AE00-E7CF3A6A2B1B}"
EndProject
Project("{FAE04EC0-301F-11D3-BF4B-00C04F79EFBC}") = "Problem-05-Larger-than-neighbours", "Problem-05-Larger-than-neighbours\Problem-05-Larger-than-neighbours.csproj", "{76F9D1CC-568E-4E11-8E97-3201C8069CD3}"
EndProject
Project("{FAE04EC0-301F-11D3-BF4B-00C04F79EFBC}") = "Problem-06-First-larger-than-neighbours", "Problem-06-First-larger-than-neighbours\Problem-06-First-larger-than-neighbours.csproj", "{1061AFE1-5B6E-4E5C-86A7-72FD60B16C0E}"
EndProject
Project("{FAE04EC0-301F-11D3-BF4B-00C04F79EFBC}") = "Problem-07-Reverse-number", "Problem-07-Reverse-number\Problem-07-Reverse-number.csproj", "{D57D58DF-6783-4D60-AA28-DBA456021929}"
EndProject
Project("{FAE04EC0-301F-11D3-BF4B-00C04F79EFBC}") = "Problem-13-Solve-tasks", "Problem-13-Solve-tasks\Problem-13-Solve-tasks.csproj", "{17050191-AAC7-4487-A31A-445B565AED37}"
EndProject
Project("{FAE04EC0-301F-11D3-BF4B-00C04F79EFBC}") = "Problem-14-Integer-calculations", "Problem-14-Integer-calculations\Problem-14-Integer-calculations.csproj", "{A0A8765A-7F03-427E-9E89-EFF3BEBAF29B}"
EndProject
Project("{FAE04EC0-301F-11D3-BF4B-00C04F79EFBC}") = "Problem-10-N-Factorial", "Problem-10-N-Factorial\Problem-10-N-Factorial.csproj", "{AE4465CC-5131-443A-AB4F-535B0D2ACBED}"
EndProject
Project("{FAE04EC0-301F-11D3-BF4B-00C04F79EFBC}") = "Problem-09-Sorting-array", "Problem-09-Sorting-array\Problem-09-Sorting-array.csproj", "{60EB690C-573F-4FC0-93E3-B1C8C2B362D1}"
EndProject
Project("{FAE04EC0-301F-11D3-BF4B-00C04F79EFBC}") = "Problem-11-Adding-polynomials", "Problem-11-Adding-polynomials\Problem-11-Adding-polynomials.csproj", "{50AD97F8-8053-4D76-B2B4-028DE81E4248}"
EndProject
Project("{FAE04EC0-301F-11D3-BF4B-00C04F79EFBC}") = "Problem-12-Subtracting-polynomials", "Problem-12-Subtracting-polynomials\Problem-12-Subtracting-polynomials.csproj", "{FD982340-9D98-44CE-98BD-134C28C89BBD}"
EndProject
Global
	GlobalSection(SolutionConfigurationPlatforms) = preSolution
		Debug|Any CPU = Debug|Any CPU
		Release|Any CPU = Release|Any CPU
	EndGlobalSection
	GlobalSection(ProjectConfigurationPlatforms) = postSolution
		{8E26FAA3-3D05-4315-BDD0-8BADDE4CF151}.Debug|Any CPU.ActiveCfg = Debug|Any CPU
		{8E26FAA3-3D05-4315-BDD0-8BADDE4CF151}.Debug|Any CPU.Build.0 = Debug|Any CPU
		{8E26FAA3-3D05-4315-BDD0-8BADDE4CF151}.Release|Any CPU.ActiveCfg = Release|Any CPU
		{8E26FAA3-3D05-4315-BDD0-8BADDE4CF151}.Release|Any CPU.Build.0 = Release|Any CPU
		{9D8EACB4-6E88-42BB-818B-E9714A90A711}.Debug|Any CPU.ActiveCfg = Debug|Any CPU
		{9D8EACB4-6E88-42BB-818B-E9714A90A711}.Debug|Any CPU.Build.0 = Debug|Any CPU
		{9D8EACB4-6E88-42BB-818B-E9714A90A711}.Release|Any CPU.ActiveCfg = Release|Any CPU
		{9D8EACB4-6E88-42BB-818B-E9714A90A711}.Release|Any CPU.Build.0 = Release|Any CPU
		{97EBDA63-3473-4209-B3E7-D62F691DC3F7}.Debug|Any CPU.ActiveCfg = Debug|Any CPU
		{97EBDA63-3473-4209-B3E7-D62F691DC3F7}.Debug|Any CPU.Build.0 = Debug|Any CPU
		{97EBDA63-3473-4209-B3E7-D62F691DC3F7}.Release|Any CPU.ActiveCfg = Release|Any CPU
		{97EBDA63-3473-4209-B3E7-D62F691DC3F7}.Release|Any CPU.Build.0 = Release|Any CPU
		{B3963230-0F84-4D83-AE00-E7CF3A6A2B1B}.Debug|Any CPU.ActiveCfg = Debug|Any CPU
		{B3963230-0F84-4D83-AE00-E7CF3A6A2B1B}.Debug|Any CPU.Build.0 = Debug|Any CPU
		{B3963230-0F84-4D83-AE00-E7CF3A6A2B1B}.Release|Any CPU.ActiveCfg = Release|Any CPU
		{B3963230-0F84-4D83-AE00-E7CF3A6A2B1B}.Release|Any CPU.Build.0 = Release|Any CPU
		{76F9D1CC-568E-4E11-8E97-3201C8069CD3}.Debug|Any CPU.ActiveCfg = Debug|Any CPU
		{76F9D1CC-568E-4E11-8E97-3201C8069CD3}.Debug|Any CPU.Build.0 = Debug|Any CPU
		{76F9D1CC-568E-4E11-8E97-3201C8069CD3}.Release|Any CPU.ActiveCfg = Release|Any CPU
		{76F9D1CC-568E-4E11-8E97-3201C8069CD3}.Release|Any CPU.Build.0 = Release|Any CPU
		{1061AFE1-5B6E-4E5C-86A7-72FD60B16C0E}.Debug|Any CPU.ActiveCfg = Debug|Any CPU
		{1061AFE1-5B6E-4E5C-86A7-72FD60B16C0E}.Debug|Any CPU.Build.0 = Debug|Any CPU
		{1061AFE1-5B6E-4E5C-86A7-72FD60B16C0E}.Release|Any CPU.ActiveCfg = Release|Any CPU
		{1061AFE1-5B6E-4E5C-86A7-72FD60B16C0E}.Release|Any CPU.Build.0 = Release|Any CPU
		{D57D58DF-6783-4D60-AA28-DBA456021929}.Debug|Any CPU.ActiveCfg = Debug|Any CPU
		{D57D58DF-6783-4D60-AA28-DBA456021929}.Debug|Any CPU.Build.0 = Debug|Any CPU
		{D57D58DF-6783-4D60-AA28-DBA456021929}.Release|Any CPU.ActiveCfg = Release|Any CPU
		{D57D58DF-6783-4D60-AA28-DBA456021929}.Release|Any CPU.Build.0 = Release|Any CPU
		{17050191-AAC7-4487-A31A-445B565AED37}.Debug|Any CPU.ActiveCfg = Debug|Any CPU
		{17050191-AAC7-4487-A31A-445B565AED37}.Debug|Any CPU.Build.0 = Debug|Any CPU
		{17050191-AAC7-4487-A31A-445B565AED37}.Release|Any CPU.ActiveCfg = Release|Any CPU
		{17050191-AAC7-4487-A31A-445B565AED37}.Release|Any CPU.Build.0 = Release|Any CPU
		{A0A8765A-7F03-427E-9E89-EFF3BEBAF29B}.Debug|Any CPU.ActiveCfg = Debug|Any CPU
		{A0A8765A-7F03-427E-9E89-EFF3BEBAF29B}.Debug|Any CPU.Build.0 = Debug|Any CPU
		{A0A8765A-7F03-427E-9E89-EFF3BEBAF29B}.Release|Any CPU.ActiveCfg = Release|Any CPU
		{A0A8765A-7F03-427E-9E89-EFF3BEBAF29B}.Release|Any CPU.Build.0 = Release|Any CPU
		{AE4465CC-5131-443A-AB4F-535B0D2ACBED}.Debug|Any CPU.ActiveCfg = Debug|Any CPU
		{AE4465CC-5131-443A-AB4F-535B0D2ACBED}.Debug|Any CPU.Build.0 = Debug|Any CPU
		{AE4465CC-5131-443A-AB4F-535B0D2ACBED}.Release|Any CPU.ActiveCfg = Release|Any CPU
		{AE4465CC-5131-443A-AB4F-535B0D2ACBED}.Release|Any CPU.Build.0 = Release|Any CPU
		{60EB690C-573F-4FC0-93E3-B1C8C2B362D1}.Debug|Any CPU.ActiveCfg = Debug|Any CPU
		{60EB690C-573F-4FC0-93E3-B1C8C2B362D1}.Debug|Any CPU.Build.0 = Debug|Any CPU
		{60EB690C-573F-4FC0-93E3-B1C8C2B362D1}.Release|Any CPU.ActiveCfg = Release|Any CPU
		{60EB690C-573F-4FC0-93E3-B1C8C2B362D1}.Release|Any CPU.Build.0 = Release|Any CPU
		{50AD97F8-8053-4D76-B2B4-028DE81E4248}.Debug|Any CPU.ActiveCfg = Debug|Any CPU
		{50AD97F8-8053-4D76-B2B4-028DE81E4248}.Debug|Any CPU.Build.0 = Debug|Any CPU
		{50AD97F8-8053-4D76-B2B4-028DE81E4248}.Release|Any CPU.ActiveCfg = Release|Any CPU
		{50AD97F8-8053-4D76-B2B4-028DE81E4248}.Release|Any CPU.Build.0 = Release|Any CPU
		{FD982340-9D98-44CE-98BD-134C28C89BBD}.Debug|Any CPU.ActiveCfg = Debug|Any CPU
		{FD982340-9D98-44CE-98BD-134C28C89BBD}.Debug|Any CPU.Build.0 = Debug|Any CPU
		{FD982340-9D98-44CE-98BD-134C28C89BBD}.Release|Any CPU.ActiveCfg = Release|Any CPU
		{FD982340-9D98-44CE-98BD-134C28C89BBD}.Release|Any CPU.Build.0 = Release|Any CPU
	EndGlobalSection
	GlobalSection(SolutionProperties) = preSolution
		HideSolutionNode = FALSE
	EndGlobalSection
EndGlobal
